
Microsoft Visual Studio Solution File, Format Version 12.00
# Visual Studio Version 16
VisualStudioVersion = 16.0.33328.57
MinimumVisualStudioVersion = 10.0.40219.1
Project("{FAE04EC0-301F-11D3-BF4B-00C04F79EFBC}") = "classWork", "classWork\classWork.csproj", "{65A89A2D-DC38-4606-9582-449130AD7DFD}"
EndProject
Global
	GlobalSection(SolutionConfigurationPlatforms) = preSolution
		Debug|Any CPU = Debug|Any CPU
		Release|Any CPU = Release|Any CPU
	EndGlobalSection
	GlobalSection(ProjectConfigurationPlatforms) = postSolution
		{65A89A2D-DC38-4606-9582-449130AD7DFD}.Debug|Any CPU.ActiveCfg = Debug|Any CPU
		{65A89A2D-DC38-4606-9582-449130AD7DFD}.Debug|Any CPU.Build.0 = Debug|Any CPU
		{65A89A2D-DC38-4606-9582-449130AD7DFD}.Release|Any CPU.ActiveCfg = Release|Any CPU
		{65A89A2D-DC38-4606-9582-449130AD7DFD}.Release|Any CPU.Build.0 = Release|Any CPU
	EndGlobalSection
	GlobalSection(SolutionProperties) = preSolution
		HideSolutionNode = FALSE
	EndGlobalSection
	GlobalSection(ExtensibilityGlobals) = postSolution
		SolutionGuid = {DCA7CF87-45A6-4CE2-BFCB-851A01021AF5}
	EndGlobalSection
EndGlobal
